// !$*UTF8*$!
{
	archiveVersion = 1;
	classes = {
	};
	objectVersion = 46;
	objects = {

/* Begin PBXBuildFile section */
		F80071491BCDF8C000EA56C5 /* main.m in Sources */ = {isa = PBXBuildFile; fileRef = F80071481BCDF8C000EA56C5 /* main.m */; };
		F800714C1BCDF8C000EA56C5 /* AppDelegate.m in Sources */ = {isa = PBXBuildFile; fileRef = F800714B1BCDF8C000EA56C5 /* AppDelegate.m */; };
		F800714F1BCDF8C000EA56C5 /* Login.m in Sources */ = {isa = PBXBuildFile; fileRef = F800714E1BCDF8C000EA56C5 /* Login.m */; };
		F80071521BCDF8C000EA56C5 /* Main.storyboard in Resources */ = {isa = PBXBuildFile; fileRef = F80071501BCDF8C000EA56C5 /* Main.storyboard */; };
		F80071541BCDF8C000EA56C5 /* Assets.xcassets in Resources */ = {isa = PBXBuildFile; fileRef = F80071531BCDF8C000EA56C5 /* Assets.xcassets */; };
		F80071571BCDF8C000EA56C5 /* LaunchScreen.storyboard in Resources */ = {isa = PBXBuildFile; fileRef = F80071551BCDF8C000EA56C5 /* LaunchScreen.storyboard */; };
		F80071621BCDF8C000EA56C5 /* TutorMeTests.m in Sources */ = {isa = PBXBuildFile; fileRef = F80071611BCDF8C000EA56C5 /* TutorMeTests.m */; };
		F800716D1BCDF8C100EA56C5 /* TutorMeUITests.m in Sources */ = {isa = PBXBuildFile; fileRef = F800716C1BCDF8C100EA56C5 /* TutorMeUITests.m */; };
/* End PBXBuildFile section */

/* Begin PBXContainerItemProxy section */
		F800715E1BCDF8C000EA56C5 /* PBXContainerItemProxy */ = {
			isa = PBXContainerItemProxy;
			containerPortal = F800713C1BCDF8C000EA56C5 /* Project object */;
			proxyType = 1;
			remoteGlobalIDString = F80071431BCDF8C000EA56C5;
			remoteInfo = TutorMe;
		};
		F80071691BCDF8C100EA56C5 /* PBXContainerItemProxy */ = {
			isa = PBXContainerItemProxy;
			containerPortal = F800713C1BCDF8C000EA56C5 /* Project object */;
			proxyType = 1;
			remoteGlobalIDString = F80071431BCDF8C000EA56C5;
			remoteInfo = TutorMe;
		};
/* End PBXContainerItemProxy section */

/* Begin PBXFileReference section */
		F80071441BCDF8C000EA56C5 /* TutorMe.app */ = {isa = PBXFileReference; explicitFileType = wrapper.application; includeInIndex = 0; path = TutorMe.app; sourceTree = BUILT_PRODUCTS_DIR; };
		F80071481BCDF8C000EA56C5 /* main.m */ = {isa = PBXFileReference; lastKnownFileType = sourcecode.c.objc; path = main.m; sourceTree = "<group>"; };
		F800714A1BCDF8C000EA56C5 /* AppDelegate.h */ = {isa = PBXFileReference; lastKnownFileType = sourcecode.c.h; path = AppDelegate.h; sourceTree = "<group>"; };
		F800714B1BCDF8C000EA56C5 /* AppDelegate.m */ = {isa = PBXFileReference; lastKnownFileType = sourcecode.c.objc; path = AppDelegate.m; sourceTree = "<group>"; };
		F800714D1BCDF8C000EA56C5 /* Login.h */ = {isa = PBXFileReference; lastKnownFileType = sourcecode.c.h; path = Login.h; sourceTree = "<group>"; };
		F800714E1BCDF8C000EA56C5 /* Login.m */ = {isa = PBXFileReference; lastKnownFileType = sourcecode.c.objc; path = Login.m; sourceTree = "<group>"; };
		F80071511BCDF8C000EA56C5 /* Base */ = {isa = PBXFileReference; lastKnownFileType = file.storyboard; name = Base; path = Base.lproj/Main.storyboard; sourceTree = "<group>"; };
		F80071531BCDF8C000EA56C5 /* Assets.xcassets */ = {isa = PBXFileReference; lastKnownFileType = folder.assetcatalog; path = Assets.xcassets; sourceTree = "<group>"; };
		F80071561BCDF8C000EA56C5 /* Base */ = {isa = PBXFileReference; lastKnownFileType = file.storyboard; name = Base; path = Base.lproj/LaunchScreen.storyboard; sourceTree = "<group>"; };
		F80071581BCDF8C000EA56C5 /* Info.plist */ = {isa = PBXFileReference; lastKnownFileType = text.plist.xml; path = Info.plist; sourceTree = "<group>"; };
		F800715D1BCDF8C000EA56C5 /* TutorMeTests.xctest */ = {isa = PBXFileReference; explicitFileType = wrapper.cfbundle; includeInIndex = 0; path = TutorMeTests.xctest; sourceTree = BUILT_PRODUCTS_DIR; };
		F80071611BCDF8C000EA56C5 /* TutorMeTests.m */ = {isa = PBXFileReference; lastKnownFileType = sourcecode.c.objc; path = TutorMeTests.m; sourceTree = "<group>"; };
		F80071631BCDF8C100EA56C5 /* Info.plist */ = {isa = PBXFileReference; lastKnownFileType = text.plist.xml; path = Info.plist; sourceTree = "<group>"; };
		F80071681BCDF8C100EA56C5 /* TutorMeUITests.xctest */ = {isa = PBXFileReference; explicitFileType = wrapper.cfbundle; includeInIndex = 0; path = TutorMeUITests.xctest; sourceTree = BUILT_PRODUCTS_DIR; };
		F800716C1BCDF8C100EA56C5 /* TutorMeUITests.m */ = {isa = PBXFileReference; lastKnownFileType = sourcecode.c.objc; path = TutorMeUITests.m; sourceTree = "<group>"; };
		F800716E1BCDF8C100EA56C5 /* Info.plist */ = {isa = PBXFileReference; lastKnownFileType = text.plist.xml; path = Info.plist; sourceTree = "<group>"; };
/* End PBXFileReference section */

/* Begin PBXFrameworksBuildPhase section */
		F80071411BCDF8C000EA56C5 /* Frameworks */ = {
			isa = PBXFrameworksBuildPhase;
			buildActionMask = 2147483647;
			files = (
			);
			runOnlyForDeploymentPostprocessing = 0;
		};
		F800715A1BCDF8C000EA56C5 /* Frameworks */ = {
			isa = PBXFrameworksBuildPhase;
			buildActionMask = 2147483647;
			files = (
			);
			runOnlyForDeploymentPostprocessing = 0;
		};
		F80071651BCDF8C100EA56C5 /* Frameworks */ = {
			isa = PBXFrameworksBuildPhase;
			buildActionMask = 2147483647;
			files = (
			);
			runOnlyForDeploymentPostprocessing = 0;
		};
/* End PBXFrameworksBuildPhase section */

/* Begin PBXGroup section */
		F800713B1BCDF8C000EA56C5 = {
			isa = PBXGroup;
			children = (
				F80071461BCDF8C000EA56C5 /* TutorMe */,
				F80071601BCDF8C000EA56C5 /* TutorMeTests */,
				F800716B1BCDF8C100EA56C5 /* TutorMeUITests */,
				F80071451BCDF8C000EA56C5 /* Products */,
			);
			sourceTree = "<group>";
		};
		F80071451BCDF8C000EA56C5 /* Products */ = {
			isa = PBXGroup;
			children = (
				F80071441BCDF8C000EA56C5 /* TutorMe.app */,
				F800715D1BCDF8C000EA56C5 /* TutorMeTests.xctest */,
				F80071681BCDF8C100EA56C5 /* TutorMeUITests.xctest */,
			);
			name = Products;
			sourceTree = "<group>";
		};
		F80071461BCDF8C000EA56C5 /* TutorMe */ = {
			isa = PBXGroup;
			children = (
				F800714A1BCDF8C000EA56C5 /* AppDelegate.h */,
				F800714B1BCDF8C000EA56C5 /* AppDelegate.m */,
				F800714D1BCDF8C000EA56C5 /* Login.h */,
				F800714E1BCDF8C000EA56C5 /* Login.m */,
				F80071501BCDF8C000EA56C5 /* Main.storyboard */,
				F80071531BCDF8C000EA56C5 /* Assets.xcassets */,
				F80071551BCDF8C000EA56C5 /* LaunchScreen.storyboard */,
				F80071581BCDF8C000EA56C5 /* Info.plist */,
				F80071471BCDF8C000EA56C5 /* Supporting Files */,
			);
			path = TutorMe;
			sourceTree = "<group>";
		};
		F80071471BCDF8C000EA56C5 /* Supporting Files */ = {
			isa = PBXGroup;
			children = (
				F80071481BCDF8C000EA56C5 /* main.m */,
			);
			name = "Supporting Files";
			sourceTree = "<group>";
		};
		F80071601BCDF8C000EA56C5 /* TutorMeTests */ = {
			isa = PBXGroup;
			children = (
				F80071611BCDF8C000EA56C5 /* TutorMeTests.m */,
				F80071631BCDF8C100EA56C5 /* Info.plist */,
			);
			path = TutorMeTests;
			sourceTree = "<group>";
		};
		F800716B1BCDF8C100EA56C5 /* TutorMeUITests */ = {
			isa = PBXGroup;
			children = (
				F800716C1BCDF8C100EA56C5 /* TutorMeUITests.m */,
				F800716E1BCDF8C100EA56C5 /* Info.plist */,
			);
			path = TutorMeUITests;
			sourceTree = "<group>";
		};
/* End PBXGroup section */

/* Begin PBXNativeTarget section */
		F80071431BCDF8C000EA56C5 /* TutorMe */ = {
			isa = PBXNativeTarget;
			buildConfigurationList = F80071711BCDF8C100EA56C5 /* Build configuration list for PBXNativeTarget "TutorMe" */;
			buildPhases = (
				F80071401BCDF8C000EA56C5 /* Sources */,
				F80071411BCDF8C000EA56C5 /* Frameworks */,
				F80071421BCDF8C000EA56C5 /* Resources */,
			);
			buildRules = (
			);
			dependencies = (
			);
			name = TutorMe;
			productName = TutorMe;
			productReference = F80071441BCDF8C000EA56C5 /* TutorMe.app */;
			productType = "com.apple.product-type.application";
		};
		F800715C1BCDF8C000EA56C5 /* TutorMeTests */ = {
			isa = PBXNativeTarget;
			buildConfigurationList = F80071741BCDF8C100EA56C5 /* Build configuration list for PBXNativeTarget "TutorMeTests" */;
			buildPhases = (
				F80071591BCDF8C000EA56C5 /* Sources */,
				F800715A1BCDF8C000EA56C5 /* Frameworks */,
				F800715B1BCDF8C000EA56C5 /* Resources */,
			);
			buildRules = (
			);
			dependencies = (
				F800715F1BCDF8C000EA56C5 /* PBXTargetDependency */,
			);
			name = TutorMeTests;
			productName = TutorMeTests;
			productReference = F800715D1BCDF8C000EA56C5 /* TutorMeTests.xctest */;
			productType = "com.apple.product-type.bundle.unit-test";
		};
		F80071671BCDF8C100EA56C5 /* TutorMeUITests */ = {
			isa = PBXNativeTarget;
			buildConfigurationList = F80071771BCDF8C100EA56C5 /* Build configuration list for PBXNativeTarget "TutorMeUITests" */;
			buildPhases = (
				F80071641BCDF8C100EA56C5 /* Sources */,
				F80071651BCDF8C100EA56C5 /* Frameworks */,
				F80071661BCDF8C100EA56C5 /* Resources */,
			);
			buildRules = (
			);
			dependencies = (
				F800716A1BCDF8C100EA56C5 /* PBXTargetDependency */,
			);
			name = TutorMeUITests;
			productName = TutorMeUITests;
			productReference = F80071681BCDF8C100EA56C5 /* TutorMeUITests.xctest */;
			productType = "com.apple.product-type.bundle.ui-testing";
		};
/* End PBXNativeTarget section */

/* Begin PBXProject section */
		F800713C1BCDF8C000EA56C5 /* Project object */ = {
			isa = PBXProject;
			attributes = {
				LastUpgradeCheck = 0700;
				ORGANIZATIONNAME = soft_dev2_group1;
				TargetAttributes = {
					F80071431BCDF8C000EA56C5 = {
						CreatedOnToolsVersion = 7.0.1;
					};
					F800715C1BCDF8C000EA56C5 = {
						CreatedOnToolsVersion = 7.0.1;
						TestTargetID = F80071431BCDF8C000EA56C5;
					};
					F80071671BCDF8C100EA56C5 = {
						CreatedOnToolsVersion = 7.0.1;
						TestTargetID = F80071431BCDF8C000EA56C5;
					};
				};
			};
			buildConfigurationList = F800713F1BCDF8C000EA56C5 /* Build configuration list for PBXProject "TutorMe" */;
			compatibilityVersion = "Xcode 3.2";
			developmentRegion = English;
			hasScannedForEncodings = 0;
			knownRegions = (
				en,
				Base,
			);
			mainGroup = F800713B1BCDF8C000EA56C5;
			productRefGroup = F80071451BCDF8C000EA56C5 /* Products */;
			projectDirPath = "";
			projectRoot = "";
			targets = (
				F80071431BCDF8C000EA56C5 /* TutorMe */,
				F800715C1BCDF8C000EA56C5 /* TutorMeTests */,
				F80071671BCDF8C100EA56C5 /* TutorMeUITests */,
			);
		};
/* End PBXProject section */

/* Begin PBXResourcesBuildPhase section */
		F80071421BCDF8C000EA56C5 /* Resources */ = {
			isa = PBXResourcesBuildPhase;
			buildActionMask = 2147483647;
			files = (
				F80071571BCDF8C000EA56C5 /* LaunchScreen.storyboard in Resources */,
				F80071541BCDF8C000EA56C5 /* Assets.xcassets in Resources */,
				F80071521BCDF8C000EA56C5 /* Main.storyboard in Resources */,
			);
			runOnlyForDeploymentPostprocessing = 0;
		};
		F800715B1BCDF8C000EA56C5 /* Resources */ = {
			isa = PBXResourcesBuildPhase;
			buildActionMask = 2147483647;
			files = (
			);
			runOnlyForDeploymentPostprocessing = 0;
		};
		F80071661BCDF8C100EA56C5 /* Resources */ = {
			isa = PBXResourcesBuildPhase;
			buildActionMask = 2147483647;
			files = (
			);
			runOnlyForDeploymentPostprocessing = 0;
		};
/* End PBXResourcesBuildPhase section */

/* Begin PBXSourcesBuildPhase section */
		F80071401BCDF8C000EA56C5 /* Sources */ = {
			isa = PBXSourcesBuildPhase;
			buildActionMask = 2147483647;
			files = (
				F800714F1BCDF8C000EA56C5 /* Login.m in Sources */,
				F800714C1BCDF8C000EA56C5 /* AppDelegate.m in Sources */,
				F80071491BCDF8C000EA56C5 /* main.m in Sources */,
			);
			runOnlyForDeploymentPostprocessing = 0;
		};
		F80071591BCDF8C000EA56C5 /* Sources */ = {
			isa = PBXSourcesBuildPhase;
			buildActionMask = 2147483647;
			files = (
				F80071621BCDF8C000EA56C5 /* TutorMeTests.m in Sources */,
			);
			runOnlyForDeploymentPostprocessing = 0;
		};
		F80071641BCDF8C100EA56C5 /* Sources */ = {
			isa = PBXSourcesBuildPhase;
			buildActionMask = 2147483647;
			files = (
				F800716D1BCDF8C100EA56C5 /* TutorMeUITests.m in Sources */,
			);
			runOnlyForDeploymentPostprocessing = 0;
		};
/* End PBXSourcesBuildPhase section */

/* Begin PBXTargetDependency section */
		F800715F1BCDF8C000EA56C5 /* PBXTargetDependency */ = {
			isa = PBXTargetDependency;
			target = F80071431BCDF8C000EA56C5 /* TutorMe */;
			targetProxy = F800715E1BCDF8C000EA56C5 /* PBXContainerItemProxy */;
		};
		F800716A1BCDF8C100EA56C5 /* PBXTargetDependency */ = {
			isa = PBXTargetDependency;
			target = F80071431BCDF8C000EA56C5 /* TutorMe */;
			targetProxy = F80071691BCDF8C100EA56C5 /* PBXContainerItemProxy */;
		};
/* End PBXTargetDependency section */

/* Begin PBXVariantGroup section */
		F80071501BCDF8C000EA56C5 /* Main.storyboard */ = {
			isa = PBXVariantGroup;
			children = (
				F80071511BCDF8C000EA56C5 /* Base */,
			);
			name = Main.storyboard;
			sourceTree = "<group>";
		};
		F80071551BCDF8C000EA56C5 /* LaunchScreen.storyboard */ = {
			isa = PBXVariantGroup;
			children = (
				F80071561BCDF8C000EA56C5 /* Base */,
			);
			name = LaunchScreen.storyboard;
			sourceTree = "<group>";
		};
/* End PBXVariantGroup section */

/* Begin XCBuildConfiguration section */
		F800716F1BCDF8C100EA56C5 /* Debug */ = {
			isa = XCBuildConfiguration;
			buildSettings = {
				ALWAYS_SEARCH_USER_PATHS = NO;
				CLANG_CXX_LANGUAGE_STANDARD = "gnu++0x";
				CLANG_CXX_LIBRARY = "libc++";
				CLANG_ENABLE_MODULES = YES;
				CLANG_ENABLE_OBJC_ARC = YES;
				CLANG_WARN_BOOL_CONVERSION = YES;
				CLANG_WARN_CONSTANT_CONVERSION = YES;
				CLANG_WARN_DIRECT_OBJC_ISA_USAGE = YES_ERROR;
				CLANG_WARN_EMPTY_BODY = YES;
				CLANG_WARN_ENUM_CONVERSION = YES;
				CLANG_WARN_INT_CONVERSION = YES;
				CLANG_WARN_OBJC_ROOT_CLASS = YES_ERROR;
				CLANG_WARN_UNREACHABLE_CODE = YES;
				CLANG_WARN__DUPLICATE_METHOD_MATCH = YES;
				"CODE_SIGN_IDENTITY[sdk=iphoneos*]" = "iPhone Developer";
				COPY_PHASE_STRIP = NO;
				DEBUG_INFORMATION_FORMAT = dwarf;
				ENABLE_STRICT_OBJC_MSGSEND = YES;
				ENABLE_TESTABILITY = YES;
				GCC_C_LANGUAGE_STANDARD = gnu99;
				GCC_DYNAMIC_NO_PIC = NO;
				GCC_NO_COMMON_BLOCKS = YES;
				GCC_OPTIMIZATION_LEVEL = 0;
				GCC_PREPROCESSOR_DEFINITIONS = (
					"DEBUG=1",
					"$(inherited)",
				);
				GCC_WARN_64_TO_32_BIT_CONVERSION = YES;
				GCC_WARN_ABOUT_RETURN_TYPE = YES_ERROR;
				GCC_WARN_UNDECLARED_SELECTOR = YES;
				GCC_WARN_UNINITIALIZED_AUTOS = YES_AGGRESSIVE;
				GCC_WARN_UNUSED_FUNCTION = YES;
				GCC_WARN_UNUSED_VARIABLE = YES;
				IPHONEOS_DEPLOYMENT_TARGET = 9.0;
				MTL_ENABLE_DEBUG_INFO = YES;
				ONLY_ACTIVE_ARCH = YES;
				SDKROOT = iphoneos;
			};
			name = Debug;
		};
		F80071701BCDF8C100EA56C5 /* Release */ = {
			isa = XCBuildConfiguration;
			buildSettings = {
				ALWAYS_SEARCH_USER_PATHS = NO;
				CLANG_CXX_LANGUAGE_STANDARD = "gnu++0x";
				CLANG_CXX_LIBRARY = "libc++";
				CLANG_ENABLE_MODULES = YES;
				CLANG_ENABLE_OBJC_ARC = YES;
				CLANG_WARN_BOOL_CONVERSION = YES;
				CLANG_WARN_CONSTANT_CONVERSION = YES;
				CLANG_WARN_DIRECT_OBJC_ISA_USAGE = YES_ERROR;
				CLANG_WARN_EMPTY_BODY = YES;
				CLANG_WARN_ENUM_CONVERSION = YES;
				CLANG_WARN_INT_CONVERSION = YES;
				CLANG_WARN_OBJC_ROOT_CLASS = YES_ERROR;
				CLANG_WARN_UNREACHABLE_CODE = YES;
				CLANG_WARN__DUPLICATE_METHOD_MATCH = YES;
				"CODE_SIGN_IDENTITY[sdk=iphoneos*]" = "iPhone Developer";
				COPY_PHASE_STRIP = NO;
				DEBUG_INFORMATION_FORMAT = "dwarf-with-dsym";
				ENABLE_NS_ASSERTIONS = NO;
				ENABLE_STRICT_OBJC_MSGSEND = YES;
				GCC_C_LANGUAGE_STANDARD = gnu99;
				GCC_NO_COMMON_BLOCKS = YES;
				GCC_WARN_64_TO_32_BIT_CONVERSION = YES;
				GCC_WARN_ABOUT_RETURN_TYPE = YES_ERROR;
				GCC_WARN_UNDECLARED_SELECTOR = YES;
				GCC_WARN_UNINITIALIZED_AUTOS = YES_AGGRESSIVE;
				GCC_WARN_UNUSED_FUNCTION = YES;
				GCC_WARN_UNUSED_VARIABLE = YES;
				IPHONEOS_DEPLOYMENT_TARGET = 9.0;
				MTL_ENABLE_DEBUG_INFO = NO;
				SDKROOT = iphoneos;
				VALIDATE_PRODUCT = YES;
			};
			name = Release;
		};
		F80071721BCDF8C100EA56C5 /* Debug */ = {
			isa = XCBuildConfiguration;
			buildSettings = {
				ASSETCATALOG_COMPILER_APPICON_NAME = AppIcon;
				INFOPLIST_FILE = TutorMe/Info.plist;
				LD_RUNPATH_SEARCH_PATHS = "$(inherited) @executable_path/Frameworks";
				PRODUCT_BUNDLE_IDENTIFIER = "soft-dev2-group1.TutorMe";
				PRODUCT_NAME = "$(TARGET_NAME)";
			};
			name = Debug;
		};
		F80071731BCDF8C100EA56C5 /* Release */ = {
			isa = XCBuildConfiguration;
			buildSettings = {
				ASSETCATALOG_COMPILER_APPICON_NAME = AppIcon;
				INFOPLIST_FILE = TutorMe/Info.plist;
				LD_RUNPATH_SEARCH_PATHS = "$(inherited) @executable_path/Frameworks";
				PRODUCT_BUNDLE_IDENTIFIER = "soft-dev2-group1.TutorMe";
				PRODUCT_NAME = "$(TARGET_NAME)";
			};
			name = Release;
		};
		F80071751BCDF8C100EA56C5 /* Debug */ = {
			isa = XCBuildConfiguration;
			buildSettings = {
				BUNDLE_LOADER = "$(TEST_HOST)";
				INFOPLIST_FILE = TutorMeTests/Info.plist;
				LD_RUNPATH_SEARCH_PATHS = "$(inherited) @executable_path/Frameworks @loader_path/Frameworks";
				PRODUCT_BUNDLE_IDENTIFIER = "soft-dev2-group1.TutorMeTests";
				PRODUCT_NAME = "$(TARGET_NAME)";
				TEST_HOST = "$(BUILT_PRODUCTS_DIR)/TutorMe.app/TutorMe";
			};
			name = Debug;
		};
		F80071761BCDF8C100EA56C5 /* Release */ = {
			isa = XCBuildConfiguration;
			buildSettings = {
				BUNDLE_LOADER = "$(TEST_HOST)";
				INFOPLIST_FILE = TutorMeTests/Info.plist;
				LD_RUNPATH_SEARCH_PATHS = "$(inherited) @executable_path/Frameworks @loader_path/Frameworks";
				PRODUCT_BUNDLE_IDENTIFIER = "soft-dev2-group1.TutorMeTests";
				PRODUCT_NAME = "$(TARGET_NAME)";
				TEST_HOST = "$(BUILT_PRODUCTS_DIR)/TutorMe.app/TutorMe";
			};
			name = Release;
		};
		F80071781BCDF8C100EA56C5 /* Debug */ = {
			isa = XCBuildConfiguration;
			buildSettings = {
				INFOPLIST_FILE = TutorMeUITests/Info.plist;
				LD_RUNPATH_SEARCH_PATHS = "$(inherited) @executable_path/Frameworks @loader_path/Frameworks";
				PRODUCT_BUNDLE_IDENTIFIER = "soft-dev2-group1.TutorMeUITests";
				PRODUCT_NAME = "$(TARGET_NAME)";
				TEST_TARGET_NAME = TutorMe;
				USES_XCTRUNNER = YES;
			};
			name = Debug;
		};
		F80071791BCDF8C100EA56C5 /* Release */ = {
			isa = XCBuildConfiguration;
			buildSettings = {
				INFOPLIST_FILE = TutorMeUITests/Info.plist;
				LD_RUNPATH_SEARCH_PATHS = "$(inherited) @executable_path/Frameworks @loader_path/Frameworks";
				PRODUCT_BUNDLE_IDENTIFIER = "soft-dev2-group1.TutorMeUITests";
				PRODUCT_NAME = "$(TARGET_NAME)";
				TEST_TARGET_NAME = TutorMe;
				USES_XCTRUNNER = YES;
			};
			name = Release;
		};
/* End XCBuildConfiguration section */

/* Begin XCConfigurationList section */
		F800713F1BCDF8C000EA56C5 /* Build configuration list for PBXProject "TutorMe" */ = {
			isa = XCConfigurationList;
			buildConfigurations = (
				F800716F1BCDF8C100EA56C5 /* Debug */,
				F80071701BCDF8C100EA56C5 /* Release */,
			);
			defaultConfigurationIsVisible = 0;
			defaultConfigurationName = Release;
		};
		F80071711BCDF8C100EA56C5 /* Build configuration list for PBXNativeTarget "TutorMe" */ = {
			isa = XCConfigurationList;
			buildConfigurations = (
				F80071721BCDF8C100EA56C5 /* Debug */,
				F80071731BCDF8C100EA56C5 /* Release */,
			);
			defaultConfigurationIsVisible = 0;
		};
		F80071741BCDF8C100EA56C5 /* Build configuration list for PBXNativeTarget "TutorMeTests" */ = {
			isa = XCConfigurationList;
			buildConfigurations = (
				F80071751BCDF8C100EA56C5 /* Debug */,
				F80071761BCDF8C100EA56C5 /* Release */,
			);
			defaultConfigurationIsVisible = 0;
		};
		F80071771BCDF8C100EA56C5 /* Build configuration list for PBXNativeTarget "TutorMeUITests" */ = {
			isa = XCConfigurationList;
			buildConfigurations = (
				F80071781BCDF8C100EA56C5 /* Debug */,
				F80071791BCDF8C100EA56C5 /* Release */,
			);
			defaultConfigurationIsVisible = 0;
		};
/* End XCConfigurationList section */
	};
	rootObject = F800713C1BCDF8C000EA56C5 /* Project object */;
}
